
Microsoft Visual Studio Solution File, Format Version 12.00
# Visual Studio Version 17
VisualStudioVersion = 17.0.31912.275
MinimumVisualStudioVersion = 10.0.40219.1
Project("{FAE04EC0-301F-11D3-BF4B-00C04F79EFBC}") = "StandingsGoogleSheetsHelper", "src\StandingsGoogleSheetsHelper.csproj", "{235AB1AA-0940-42B5-8852-DE0127D75D73}"
EndProject
Global
	GlobalSection(SolutionConfigurationPlatforms) = preSolution
		Debug|Any CPU = Debug|Any CPU
		Release|Any CPU = Release|Any CPU
	EndGlobalSection
	GlobalSection(ProjectConfigurationPlatforms) = postSolution
		{235AB1AA-0940-42B5-8852-DE0127D75D73}.Debug|Any CPU.ActiveCfg = Debug|Any CPU
		{235AB1AA-0940-42B5-8852-DE0127D75D73}.Debug|Any CPU.Build.0 = Debug|Any CPU
		{235AB1AA-0940-42B5-8852-DE0127D75D73}.Release|Any CPU.ActiveCfg = Release|Any CPU
		{235AB1AA-0940-42B5-8852-DE0127D75D73}.Release|Any CPU.Build.0 = Release|Any CPU
	EndGlobalSection
	GlobalSection(SolutionProperties) = preSolution
		HideSolutionNode = FALSE
	EndGlobalSection
	GlobalSection(ExtensibilityGlobals) = postSolution
		SolutionGuid = {4302E240-C212-464F-971D-83129BD992BB}
	EndGlobalSection
EndGlobal
